
Microsoft Visual Studio Solution File, Format Version 12.00
# Visual Studio Version 17
VisualStudioVersion = 17.2.32630.192
MinimumVisualStudioVersion = 10.0.40219.1
Project("{FAE04EC0-301F-11D3-BF4B-00C04F79EFBC}") = "StockManager.API", "StockManager.API\StockManager.API.csproj", "{80FCFA32-223F-4A3B-925D-ED25E7049EB2}"
EndProject
Project("{FAE04EC0-301F-11D3-BF4B-00C04F79EFBC}") = "StockManager.Application", "StockManager.Application\StockManager.Application.csproj", "{ADDAB0FD-A38B-484F-9F64-D92FB4E3FE28}"
EndProject
Project("{FAE04EC0-301F-11D3-BF4B-00C04F79EFBC}") = "StockManager.Core", "StockManager.Core\StockManager.Core.csproj", "{571F107C-4B6C-4FB1-998D-5F163C76E4B6}"
EndProject
Project("{FAE04EC0-301F-11D3-BF4B-00C04F79EFBC}") = "StockManager.Infrastructure", "StockManager.Infrastructure\StockManager.Infrastructure.csproj", "{00F4D345-D308-4BE1-8DCE-CCAA1F8E54C9}"
EndProject
Global
	GlobalSection(SolutionConfigurationPlatforms) = preSolution
		Debug|Any CPU = Debug|Any CPU
		Release|Any CPU = Release|Any CPU
	EndGlobalSection
	GlobalSection(ProjectConfigurationPlatforms) = postSolution
		{80FCFA32-223F-4A3B-925D-ED25E7049EB2}.Debug|Any CPU.ActiveCfg = Debug|Any CPU
		{80FCFA32-223F-4A3B-925D-ED25E7049EB2}.Debug|Any CPU.Build.0 = Debug|Any CPU
		{80FCFA32-223F-4A3B-925D-ED25E7049EB2}.Release|Any CPU.ActiveCfg = Release|Any CPU
		{80FCFA32-223F-4A3B-925D-ED25E7049EB2}.Release|Any CPU.Build.0 = Release|Any CPU
		{ADDAB0FD-A38B-484F-9F64-D92FB4E3FE28}.Debug|Any CPU.ActiveCfg = Debug|Any CPU
		{ADDAB0FD-A38B-484F-9F64-D92FB4E3FE28}.Debug|Any CPU.Build.0 = Debug|Any CPU
		{ADDAB0FD-A38B-484F-9F64-D92FB4E3FE28}.Release|Any CPU.ActiveCfg = Release|Any CPU
		{ADDAB0FD-A38B-484F-9F64-D92FB4E3FE28}.Release|Any CPU.Build.0 = Release|Any CPU
		{571F107C-4B6C-4FB1-998D-5F163C76E4B6}.Debug|Any CPU.ActiveCfg = Debug|Any CPU
		{571F107C-4B6C-4FB1-998D-5F163C76E4B6}.Debug|Any CPU.Build.0 = Debug|Any CPU
		{571F107C-4B6C-4FB1-998D-5F163C76E4B6}.Release|Any CPU.ActiveCfg = Release|Any CPU
		{571F107C-4B6C-4FB1-998D-5F163C76E4B6}.Release|Any CPU.Build.0 = Release|Any CPU
		{00F4D345-D308-4BE1-8DCE-CCAA1F8E54C9}.Debug|Any CPU.ActiveCfg = Debug|Any CPU
		{00F4D345-D308-4BE1-8DCE-CCAA1F8E54C9}.Debug|Any CPU.Build.0 = Debug|Any CPU
		{00F4D345-D308-4BE1-8DCE-CCAA1F8E54C9}.Release|Any CPU.ActiveCfg = Release|Any CPU
		{00F4D345-D308-4BE1-8DCE-CCAA1F8E54C9}.Release|Any CPU.Build.0 = Release|Any CPU
	EndGlobalSection
	GlobalSection(SolutionProperties) = preSolution
		HideSolutionNode = FALSE
	EndGlobalSection
	GlobalSection(ExtensibilityGlobals) = postSolution
		SolutionGuid = {14E61F92-0170-4189-8077-049F19F32DB3}
	EndGlobalSection
EndGlobal
